// !$*UTF8*$!
{
	archiveVersion = 1;
	classes = {
	};
	objectVersion = 50;
	objects = {

/* Begin PBXBuildFile section */
		74C6348620991BA500C0A180 /* main.swift in Sources */ = {isa = PBXBuildFile; fileRef = 74C6348520991BA500C0A180 /* main.swift */; };
		74C6351D209A9FD500C0A180 /* DecisionEngine.framework in Frameworks */ = {isa = PBXBuildFile; fileRef = 74C6351C209A9FD500C0A180 /* DecisionEngine.framework */; };
/* End PBXBuildFile section */

/* Begin PBXCopyFilesBuildPhase section */
		74C6348020991BA500C0A180 /* CopyFiles */ = {
			isa = PBXCopyFilesBuildPhase;
			buildActionMask = 2147483647;
			dstPath = /usr/share/man/man1/;
			dstSubfolderSpec = 0;
			files = (
			);
			runOnlyForDeploymentPostprocessing = 1;
		};
/* End PBXCopyFilesBuildPhase section */

/* Begin PBXFileReference section */
		74C6348220991BA500C0A180 /* MimirDevelop */ = {isa = PBXFileReference; explicitFileType = "compiled.mach-o.executable"; includeInIndex = 0; path = MimirDevelop; sourceTree = BUILT_PRODUCTS_DIR; };
		74C6348520991BA500C0A180 /* main.swift */ = {isa = PBXFileReference; lastKnownFileType = sourcecode.swift; path = main.swift; sourceTree = "<group>"; };
		74C6348D20991C0B00C0A180 /* DecisionEngine.framework */ = {isa = PBXFileReference; explicitFileType = wrapper.framework; path = DecisionEngine.framework; sourceTree = BUILT_PRODUCTS_DIR; };
		74C6348F20991D2A00C0A180 /* DecisionEngine.framework */ = {isa = PBXFileReference; explicitFileType = wrapper.framework; path = DecisionEngine.framework; sourceTree = BUILT_PRODUCTS_DIR; };
		74C634AD20991E8100C0A180 /* DecisionEngineMacOS.framework */ = {isa = PBXFileReference; explicitFileType = wrapper.framework; path = DecisionEngineMacOS.framework; sourceTree = BUILT_PRODUCTS_DIR; };
		74C63514209A6AE200C0A180 /* DecisionEngine.framework */ = {isa = PBXFileReference; explicitFileType = wrapper.framework; path = DecisionEngine.framework; sourceTree = BUILT_PRODUCTS_DIR; };
		74C6351C209A9FD500C0A180 /* DecisionEngine.framework */ = {isa = PBXFileReference; explicitFileType = wrapper.framework; path = DecisionEngine.framework; sourceTree = BUILT_PRODUCTS_DIR; };
/* End PBXFileReference section */

/* Begin PBXFrameworksBuildPhase section */
		74C6347F20991BA500C0A180 /* Frameworks */ = {
			isa = PBXFrameworksBuildPhase;
			buildActionMask = 2147483647;
			files = (
				74C6351D209A9FD500C0A180 /* DecisionEngine.framework in Frameworks */,
			);
			runOnlyForDeploymentPostprocessing = 0;
		};
/* End PBXFrameworksBuildPhase section */

/* Begin PBXGroup section */
		74C6347920991BA500C0A180 = {
			isa = PBXGroup;
			children = (
				74C6348420991BA500C0A180 /* MimirDevelop */,
				74C6348320991BA500C0A180 /* Products */,
				74C6348C20991C0B00C0A180 /* Frameworks */,
			);
			sourceTree = "<group>";
		};
		74C6348320991BA500C0A180 /* Products */ = {
			isa = PBXGroup;
			children = (
				74C6348220991BA500C0A180 /* MimirDevelop */,
			);
			name = Products;
			sourceTree = "<group>";
		};
		74C6348420991BA500C0A180 /* MimirDevelop */ = {
			isa = PBXGroup;
			children = (
				74C6348520991BA500C0A180 /* main.swift */,
			);
			path = MimirDevelop;
			sourceTree = "<group>";
		};
		74C6348C20991C0B00C0A180 /* Frameworks */ = {
			isa = PBXGroup;
			children = (
				74C6351C209A9FD500C0A180 /* DecisionEngine.framework */,
				74C63514209A6AE200C0A180 /* DecisionEngine.framework */,
				74C634AD20991E8100C0A180 /* DecisionEngineMacOS.framework */,
				74C6348F20991D2A00C0A180 /* DecisionEngine.framework */,
				74C6348D20991C0B00C0A180 /* DecisionEngine.framework */,
			);
			name = Frameworks;
			sourceTree = "<group>";
		};
/* End PBXGroup section */

/* Begin PBXNativeTarget section */
		74C6348120991BA500C0A180 /* MimirDevelop */ = {
			isa = PBXNativeTarget;
			buildConfigurationList = 74C6348920991BA500C0A180 /* Build configuration list for PBXNativeTarget "MimirDevelop" */;
			buildPhases = (
				74C6347E20991BA500C0A180 /* Sources */,
				74C6347F20991BA500C0A180 /* Frameworks */,
				74C6348020991BA500C0A180 /* CopyFiles */,
			);
			buildRules = (
			);
			dependencies = (
			);
			name = MimirDevelop;
			productName = MimirDevelop;
			productReference = 74C6348220991BA500C0A180 /* MimirDevelop */;
			productType = "com.apple.product-type.tool";
		};
/* End PBXNativeTarget section */

/* Begin PBXProject section */
		74C6347A20991BA500C0A180 /* Project object */ = {
			isa = PBXProject;
			attributes = {
				LastSwiftUpdateCheck = 0930;
				LastUpgradeCheck = 0930;
				ORGANIZATIONNAME = "Hyper Elephant";
				TargetAttributes = {
					74C6348120991BA500C0A180 = {
						CreatedOnToolsVersion = 9.3;
					};
				};
			};
			buildConfigurationList = 74C6347D20991BA500C0A180 /* Build configuration list for PBXProject "MimirDevelop" */;
			compatibilityVersion = "Xcode 9.3";
			developmentRegion = en;
			hasScannedForEncodings = 0;
			knownRegions = (
				en,
			);
			mainGroup = 74C6347920991BA500C0A180;
			productRefGroup = 74C6348320991BA500C0A180 /* Products */;
			projectDirPath = "";
			projectRoot = "";
			targets = (
				74C6348120991BA500C0A180 /* MimirDevelop */,
			);
		};
/* End PBXProject section */

/* Begin PBXSourcesBuildPhase section */
		74C6347E20991BA500C0A180 /* Sources */ = {
			isa = PBXSourcesBuildPhase;
			buildActionMask = 2147483647;
			files = (
				74C6348620991BA500C0A180 /* main.swift in Sources */,
			);
			runOnlyForDeploymentPostprocessing = 0;
		};
/* End PBXSourcesBuildPhase section */

/* Begin XCBuildConfiguration section */
		74C6348720991BA500C0A180 /* Debug */ = {
			isa = XCBuildConfiguration;
			buildSettings = {
				ALWAYS_SEARCH_USER_PATHS = NO;
				CLANG_ANALYZER_NONNULL = YES;
				CLANG_ANALYZER_NUMBER_OBJECT_CONVERSION = YES_AGGRESSIVE;
				CLANG_CXX_LANGUAGE_STANDARD = "gnu++14";
				CLANG_CXX_LIBRARY = "libc++";
				CLANG_ENABLE_MODULES = YES;
				CLANG_ENABLE_OBJC_ARC = YES;
				CLANG_ENABLE_OBJC_WEAK = YES;
				CLANG_WARN_BLOCK_CAPTURE_AUTORELEASING = YES;
				CLANG_WARN_BOOL_CONVERSION = YES;
				CLANG_WARN_COMMA = YES;
				CLANG_WARN_CONSTANT_CONVERSION = YES;
				CLANG_WARN_DEPRECATED_OBJC_IMPLEMENTATIONS = YES;
				CLANG_WARN_DIRECT_OBJC_ISA_USAGE = YES_ERROR;
				CLANG_WARN_DOCUMENTATION_COMMENTS = YES;
				CLANG_WARN_EMPTY_BODY = YES;
				CLANG_WARN_ENUM_CONVERSION = YES;
				CLANG_WARN_INFINITE_RECURSION = YES;
				CLANG_WARN_INT_CONVERSION = YES;
				CLANG_WARN_NON_LITERAL_NULL_CONVERSION = YES;
				CLANG_WARN_OBJC_IMPLICIT_RETAIN_SELF = YES;
				CLANG_WARN_OBJC_LITERAL_CONVERSION = YES;
				CLANG_WARN_OBJC_ROOT_CLASS = YES_ERROR;
				CLANG_WARN_RANGE_LOOP_ANALYSIS = YES;
				CLANG_WARN_STRICT_PROTOTYPES = YES;
				CLANG_WARN_SUSPICIOUS_MOVE = YES;
				CLANG_WARN_UNGUARDED_AVAILABILITY = YES_AGGRESSIVE;
				CLANG_WARN_UNREACHABLE_CODE = YES;
				CLANG_WARN__DUPLICATE_METHOD_MATCH = YES;
				CODE_SIGN_IDENTITY = "Mac Developer";
				COPY_PHASE_STRIP = NO;
				DEBUG_INFORMATION_FORMAT = dwarf;
				ENABLE_STRICT_OBJC_MSGSEND = YES;
				ENABLE_TESTABILITY = YES;
				GCC_C_LANGUAGE_STANDARD = gnu11;
				GCC_DYNAMIC_NO_PIC = NO;
				GCC_NO_COMMON_BLOCKS = YES;
				GCC_OPTIMIZATION_LEVEL = 0;
				GCC_PREPROCESSOR_DEFINITIONS = (
					"DEBUG=1",
					"$(inherited)",
				);
				GCC_WARN_64_TO_32_BIT_CONVERSION = YES;
				GCC_WARN_ABOUT_RETURN_TYPE = YES_ERROR;
				GCC_WARN_UNDECLARED_SELECTOR = YES;
				GCC_WARN_UNINITIALIZED_AUTOS = YES_AGGRESSIVE;
				GCC_WARN_UNUSED_FUNCTION = YES;
				GCC_WARN_UNUSED_VARIABLE = YES;
				MACOSX_DEPLOYMENT_TARGET = 10.13;
				MTL_ENABLE_DEBUG_INFO = YES;
				ONLY_ACTIVE_ARCH = YES;
				SDKROOT = macosx;
				SWIFT_ACTIVE_COMPILATION_CONDITIONS = DEBUG;
				SWIFT_OPTIMIZATION_LEVEL = "-Onone";
			};
			name = Debug;
		};
		74C6348820991BA500C0A180 /* Release */ = {
			isa = XCBuildConfiguration;
			buildSettings = {
				ALWAYS_SEARCH_USER_PATHS = NO;
				CLANG_ANALYZER_NONNULL = YES;
				CLANG_ANALYZER_NUMBER_OBJECT_CONVERSION = YES_AGGRESSIVE;
				CLANG_CXX_LANGUAGE_STANDARD = "gnu++14";
				CLANG_CXX_LIBRARY = "libc++";
				CLANG_ENABLE_MODULES = YES;
				CLANG_ENABLE_OBJC_ARC = YES;
				CLANG_ENABLE_OBJC_WEAK = YES;
				CLANG_WARN_BLOCK_CAPTURE_AUTORELEASING = YES;
				CLANG_WARN_BOOL_CONVERSION = YES;
				CLANG_WARN_COMMA = YES;
				CLANG_WARN_CONSTANT_CONVERSION = YES;
				CLANG_WARN_DEPRECATED_OBJC_IMPLEMENTATIONS = YES;
				CLANG_WARN_DIRECT_OBJC_ISA_USAGE = YES_ERROR;
				CLANG_WARN_DOCUMENTATION_COMMENTS = YES;
				CLANG_WARN_EMPTY_BODY = YES;
				CLANG_WARN_ENUM_CONVERSION = YES;
				CLANG_WARN_INFINITE_RECURSION = YES;
				CLANG_WARN_INT_CONVERSION = YES;
				CLANG_WARN_NON_LITERAL_NULL_CONVERSION = YES;
				CLANG_WARN_OBJC_IMPLICIT_RETAIN_SELF = YES;
				CLANG_WARN_OBJC_LITERAL_CONVERSION = YES;
				CLANG_WARN_OBJC_ROOT_CLASS = YES_ERROR;
				CLANG_WARN_RANGE_LOOP_ANALYSIS = YES;
				CLANG_WARN_STRICT_PROTOTYPES = YES;
				CLANG_WARN_SUSPICIOUS_MOVE = YES;
				CLANG_WARN_UNGUARDED_AVAILABILITY = YES_AGGRESSIVE;
				CLANG_WARN_UNREACHABLE_CODE = YES;
				CLANG_WARN__DUPLICATE_METHOD_MATCH = YES;
				CODE_SIGN_IDENTITY = "Mac Developer";
				COPY_PHASE_STRIP = NO;
				DEBUG_INFORMATION_FORMAT = "dwarf-with-dsym";
				ENABLE_NS_ASSERTIONS = NO;
				ENABLE_STRICT_OBJC_MSGSEND = YES;
				GCC_C_LANGUAGE_STANDARD = gnu11;
				GCC_NO_COMMON_BLOCKS = YES;
				GCC_WARN_64_TO_32_BIT_CONVERSION = YES;
				GCC_WARN_ABOUT_RETURN_TYPE = YES_ERROR;
				GCC_WARN_UNDECLARED_SELECTOR = YES;
				GCC_WARN_UNINITIALIZED_AUTOS = YES_AGGRESSIVE;
				GCC_WARN_UNUSED_FUNCTION = YES;
				GCC_WARN_UNUSED_VARIABLE = YES;
				MACOSX_DEPLOYMENT_TARGET = 10.13;
				MTL_ENABLE_DEBUG_INFO = NO;
				SDKROOT = macosx;
				SWIFT_COMPILATION_MODE = wholemodule;
				SWIFT_OPTIMIZATION_LEVEL = "-O";
			};
			name = Release;
		};
		74C6348A20991BA500C0A180 /* Debug */ = {
			isa = XCBuildConfiguration;
			buildSettings = {
				CODE_SIGN_STYLE = Automatic;
				DEVELOPMENT_TEAM = J7826XAREP;
				PRODUCT_NAME = "$(TARGET_NAME)";
				SWIFT_VERSION = 4.0;
			};
			name = Debug;
		};
		74C6348B20991BA500C0A180 /* Release */ = {
			isa = XCBuildConfiguration;
			buildSettings = {
				CODE_SIGN_STYLE = Automatic;
				DEVELOPMENT_TEAM = J7826XAREP;
				PRODUCT_NAME = "$(TARGET_NAME)";
				SWIFT_VERSION = 4.0;
			};
			name = Release;
		};
/* End XCBuildConfiguration section */

/* Begin XCConfigurationList section */
		74C6347D20991BA500C0A180 /* Build configuration list for PBXProject "MimirDevelop" */ = {
			isa = XCConfigurationList;
			buildConfigurations = (
				74C6348720991BA500C0A180 /* Debug */,
				74C6348820991BA500C0A180 /* Release */,
			);
			defaultConfigurationIsVisible = 0;
			defaultConfigurationName = Release;
		};
		74C6348920991BA500C0A180 /* Build configuration list for PBXNativeTarget "MimirDevelop" */ = {
			isa = XCConfigurationList;
			buildConfigurations = (
				74C6348A20991BA500C0A180 /* Debug */,
				74C6348B20991BA500C0A180 /* Release */,
			);
			defaultConfigurationIsVisible = 0;
			defaultConfigurationName = Release;
		};
/* End XCConfigurationList section */
	};
	rootObject = 74C6347A20991BA500C0A180 /* Project object */;
}
